
Microsoft Visual Studio Solution File, Format Version 12.00
# Visual Studio Version 17
VisualStudioVersion = 17.11.35327.3
MinimumVisualStudioVersion = 10.0.40219.1
Project("{FAE04EC0-301F-11D3-BF4B-00C04F79EFBC}") = "CuoikyHuongDoiTuong", "CuoikyHuongDoiTuong\CuoikyHuongDoiTuong.csproj", "{58C41997-8874-4E4D-8C12-F691973AEFFE}"
EndProject
Global
	GlobalSection(SolutionConfigurationPlatforms) = preSolution
		Debug|Any CPU = Debug|Any CPU
		Release|Any CPU = Release|Any CPU
	EndGlobalSection
	GlobalSection(ProjectConfigurationPlatforms) = postSolution
		{58C41997-8874-4E4D-8C12-F691973AEFFE}.Debug|Any CPU.ActiveCfg = Debug|Any CPU
		{58C41997-8874-4E4D-8C12-F691973AEFFE}.Debug|Any CPU.Build.0 = Debug|Any CPU
		{58C41997-8874-4E4D-8C12-F691973AEFFE}.Release|Any CPU.ActiveCfg = Release|Any CPU
		{58C41997-8874-4E4D-8C12-F691973AEFFE}.Release|Any CPU.Build.0 = Release|Any CPU
	EndGlobalSection
	GlobalSection(SolutionProperties) = preSolution
		HideSolutionNode = FALSE
	EndGlobalSection
	GlobalSection(ExtensibilityGlobals) = postSolution
		SolutionGuid = {7C0A98CB-8A4A-40BC-B999-B635A1137264}
	EndGlobalSection
EndGlobal
